
Microsoft Visual Studio Solution File, Format Version 12.00
# Visual Studio Version 17
VisualStudioVersion = 17.14.36401.2
MinimumVisualStudioVersion = 10.0.40219.1
Project("{FAE04EC0-301F-11D3-BF4B-00C04F79EFBC}") = "mcbaMVC", "mcbaMVC\mcbaMVC.csproj", "{DFD3D649-97D2-4DD6-93F7-DAB28E65EC1D}"
EndProject
Project("{FAE04EC0-301F-11D3-BF4B-00C04F79EFBC}") = "mcbaAdminAPI", "mcbaAdminAPI\mcbaAdminAPI.csproj", "{1D4CED34-270C-4ACB-9EA9-D60FA1CCDF1D}"
EndProject
Global
	GlobalSection(SolutionConfigurationPlatforms) = preSolution
		Debug|Any CPU = Debug|Any CPU
		Release|Any CPU = Release|Any CPU
	EndGlobalSection
	GlobalSection(ProjectConfigurationPlatforms) = postSolution
		{DFD3D649-97D2-4DD6-93F7-DAB28E65EC1D}.Debug|Any CPU.ActiveCfg = Debug|Any CPU
		{DFD3D649-97D2-4DD6-93F7-DAB28E65EC1D}.Debug|Any CPU.Build.0 = Debug|Any CPU
		{DFD3D649-97D2-4DD6-93F7-DAB28E65EC1D}.Release|Any CPU.ActiveCfg = Release|Any CPU
		{DFD3D649-97D2-4DD6-93F7-DAB28E65EC1D}.Release|Any CPU.Build.0 = Release|Any CPU
		{1D4CED34-270C-4ACB-9EA9-D60FA1CCDF1D}.Debug|Any CPU.ActiveCfg = Debug|Any CPU
		{1D4CED34-270C-4ACB-9EA9-D60FA1CCDF1D}.Debug|Any CPU.Build.0 = Debug|Any CPU
		{1D4CED34-270C-4ACB-9EA9-D60FA1CCDF1D}.Release|Any CPU.ActiveCfg = Release|Any CPU
		{1D4CED34-270C-4ACB-9EA9-D60FA1CCDF1D}.Release|Any CPU.Build.0 = Release|Any CPU
	EndGlobalSection
	GlobalSection(SolutionProperties) = preSolution
		HideSolutionNode = FALSE
	EndGlobalSection
	GlobalSection(ExtensibilityGlobals) = postSolution
		SolutionGuid = {D1AD0306-E394-4025-8BB3-6EA3D6DB11B6}
	EndGlobalSection
EndGlobal
